
Microsoft Visual Studio Solution File, Format Version 12.00
# Visual Studio 16
Project("{FAE04EC0-301F-11D3-BF4B-00C04F79EFBC}") = "Assembly-CSharp", "Assembly-CSharp.csproj", "{D85B2CF1-73D3-AC10-6CA3-3FAE6CE6E5D8}"
EndProject
Project("{FAE04EC0-301F-11D3-BF4B-00C04F79EFBC}") = "Assembly-CSharp-Editor", "Assembly-CSharp-Editor.csproj", "{8E8DA527-B637-B4BA-3D66-EDCF2BD97586}"
EndProject
Project("{9A19103F-16F7-4668-BE54-9A1E7A4F7556}") = "BaseData Creator", "..\BaseData Creator\BaseData Creator.csproj", "{7329E6DF-AC8A-4423-B3B6-0DD57848F74E}"
EndProject
Global
	GlobalSection(SolutionConfigurationPlatforms) = preSolution
		Debug|Any CPU = Debug|Any CPU
		Release|Any CPU = Release|Any CPU
	EndGlobalSection
	GlobalSection(ProjectConfigurationPlatforms) = postSolution
		{D85B2CF1-73D3-AC10-6CA3-3FAE6CE6E5D8}.Debug|Any CPU.ActiveCfg = Debug|Any CPU
		{D85B2CF1-73D3-AC10-6CA3-3FAE6CE6E5D8}.Debug|Any CPU.Build.0 = Debug|Any CPU
		{D85B2CF1-73D3-AC10-6CA3-3FAE6CE6E5D8}.Release|Any CPU.ActiveCfg = Release|Any CPU
		{D85B2CF1-73D3-AC10-6CA3-3FAE6CE6E5D8}.Release|Any CPU.Build.0 = Release|Any CPU
		{8E8DA527-B637-B4BA-3D66-EDCF2BD97586}.Debug|Any CPU.ActiveCfg = Debug|Any CPU
		{8E8DA527-B637-B4BA-3D66-EDCF2BD97586}.Debug|Any CPU.Build.0 = Debug|Any CPU
		{8E8DA527-B637-B4BA-3D66-EDCF2BD97586}.Release|Any CPU.ActiveCfg = Release|Any CPU
		{8E8DA527-B637-B4BA-3D66-EDCF2BD97586}.Release|Any CPU.Build.0 = Release|Any CPU
		{7329E6DF-AC8A-4423-B3B6-0DD57848F74E}.Debug|Any CPU.ActiveCfg = Debug|Any CPU
		{7329E6DF-AC8A-4423-B3B6-0DD57848F74E}.Debug|Any CPU.Build.0 = Debug|Any CPU
		{7329E6DF-AC8A-4423-B3B6-0DD57848F74E}.Release|Any CPU.ActiveCfg = Release|Any CPU
		{7329E6DF-AC8A-4423-B3B6-0DD57848F74E}.Release|Any CPU.Build.0 = Release|Any CPU
	EndGlobalSection
	GlobalSection(SolutionProperties) = preSolution
		HideSolutionNode = FALSE
	EndGlobalSection
EndGlobal
